
Microsoft Visual Studio Solution File, Format Version 12.00
# Visual Studio Version 17
VisualStudioVersion = 17.2.32519.379
MinimumVisualStudioVersion = 10.0.40219.1
Project("{FAE04EC0-301F-11D3-BF4B-00C04F79EFBC}") = "Tokiiiiii", "Tokiiiiii\Tokiiiiii.csproj", "{9C48AFFB-1BF9-4E6B-9B4B-1A47DC12E901}"
EndProject
Global
	GlobalSection(SolutionConfigurationPlatforms) = preSolution
		Debug|Any CPU = Debug|Any CPU
		Release|Any CPU = Release|Any CPU
	EndGlobalSection
	GlobalSection(ProjectConfigurationPlatforms) = postSolution
		{9C48AFFB-1BF9-4E6B-9B4B-1A47DC12E901}.Debug|Any CPU.ActiveCfg = Debug|Any CPU
		{9C48AFFB-1BF9-4E6B-9B4B-1A47DC12E901}.Debug|Any CPU.Build.0 = Debug|Any CPU
		{9C48AFFB-1BF9-4E6B-9B4B-1A47DC12E901}.Release|Any CPU.ActiveCfg = Release|Any CPU
		{9C48AFFB-1BF9-4E6B-9B4B-1A47DC12E901}.Release|Any CPU.Build.0 = Release|Any CPU
	EndGlobalSection
	GlobalSection(SolutionProperties) = preSolution
		HideSolutionNode = FALSE
	EndGlobalSection
	GlobalSection(ExtensibilityGlobals) = postSolution
		SolutionGuid = {466FA032-69E2-46C4-8608-F081CEBC5BD2}
	EndGlobalSection
EndGlobal
