
Microsoft Visual Studio Solution File, Format Version 12.00
# Visual Studio Version 17
VisualStudioVersion = 17.2.32519.379
MinimumVisualStudioVersion = 10.0.40219.1
Project("{9A19103F-16F7-4668-BE54-9A1E7A4F7556}") = "Catalog.API", "Services\Catalog\Catalog.API\Catalog.API.csproj", "{F2D4BC9F-315F-4201-8C14-E6FF717725D7}"
EndProject
Project("{2150E333-8FDC-42A3-9474-1A3956D46DE8}") = "Services", "Services", "{8E4A8E1B-44FC-4A35-91B9-CF4C6B0C87E4}"
EndProject
Project("{2150E333-8FDC-42A3-9474-1A3956D46DE8}") = "Catalog", "Catalog", "{A04F8D97-21AA-4D2A-8F22-F7C6AC9E9450}"
EndProject
Project("{E53339B2-1760-4266-BCC7-CA923CBCF16C}") = "docker-compose", "docker-compose.dcproj", "{347486AF-9E5B-48A6-B3EE-42C0A56124A9}"
EndProject
Project("{2150E333-8FDC-42A3-9474-1A3956D46DE8}") = "Basket", "Basket", "{6D8C0BA6-26E8-4241-8FCC-420A526CEAC1}"
EndProject
Project("{FAE04EC0-301F-11D3-BF4B-00C04F79EFBC}") = "Basket.API", "Services\Basket\Basket.API\Basket.API.csproj", "{56A8917E-7BAA-4BA6-942B-B491BAE20C73}"
EndProject
Project("{2150E333-8FDC-42A3-9474-1A3956D46DE8}") = "Discount", "Discount", "{117E33DF-038C-43D7-9295-73C077BA5E7E}"
EndProject
Project("{FAE04EC0-301F-11D3-BF4B-00C04F79EFBC}") = "Discount.API", "Services\Discount\Discount.API\Discount.API.csproj", "{428A1B4C-30D9-4499-B6B7-5A6A89376D58}"
EndProject
Project("{FAE04EC0-301F-11D3-BF4B-00C04F79EFBC}") = "Discount.Grpc", "Services\Discount\Discount.Grpc\Discount.Grpc.csproj", "{51946F6E-8603-4A1A-9F86-036EBD558DFA}"
EndProject
Project("{2150E333-8FDC-42A3-9474-1A3956D46DE8}") = "Ordering", "Ordering", "{022025AC-7047-435B-845E-E6B84CB556BD}"
EndProject
Project("{FAE04EC0-301F-11D3-BF4B-00C04F79EFBC}") = "Ordering.API", "Services\Ordering\Ordering.API\Ordering.API.csproj", "{D71C9CBF-723B-4922-9761-FBD6113ACDA9}"
EndProject
Global
	GlobalSection(SolutionConfigurationPlatforms) = preSolution
		Debug|Any CPU = Debug|Any CPU
		Release|Any CPU = Release|Any CPU
	EndGlobalSection
	GlobalSection(ProjectConfigurationPlatforms) = postSolution
		{F2D4BC9F-315F-4201-8C14-E6FF717725D7}.Debug|Any CPU.ActiveCfg = Debug|Any CPU
		{F2D4BC9F-315F-4201-8C14-E6FF717725D7}.Debug|Any CPU.Build.0 = Debug|Any CPU
		{F2D4BC9F-315F-4201-8C14-E6FF717725D7}.Release|Any CPU.ActiveCfg = Release|Any CPU
		{F2D4BC9F-315F-4201-8C14-E6FF717725D7}.Release|Any CPU.Build.0 = Release|Any CPU
		{347486AF-9E5B-48A6-B3EE-42C0A56124A9}.Debug|Any CPU.ActiveCfg = Debug|Any CPU
		{347486AF-9E5B-48A6-B3EE-42C0A56124A9}.Debug|Any CPU.Build.0 = Debug|Any CPU
		{347486AF-9E5B-48A6-B3EE-42C0A56124A9}.Release|Any CPU.ActiveCfg = Release|Any CPU
		{347486AF-9E5B-48A6-B3EE-42C0A56124A9}.Release|Any CPU.Build.0 = Release|Any CPU
		{56A8917E-7BAA-4BA6-942B-B491BAE20C73}.Debug|Any CPU.ActiveCfg = Debug|Any CPU
		{56A8917E-7BAA-4BA6-942B-B491BAE20C73}.Debug|Any CPU.Build.0 = Debug|Any CPU
		{56A8917E-7BAA-4BA6-942B-B491BAE20C73}.Release|Any CPU.ActiveCfg = Release|Any CPU
		{56A8917E-7BAA-4BA6-942B-B491BAE20C73}.Release|Any CPU.Build.0 = Release|Any CPU
		{428A1B4C-30D9-4499-B6B7-5A6A89376D58}.Debug|Any CPU.ActiveCfg = Debug|Any CPU
		{428A1B4C-30D9-4499-B6B7-5A6A89376D58}.Debug|Any CPU.Build.0 = Debug|Any CPU
		{428A1B4C-30D9-4499-B6B7-5A6A89376D58}.Release|Any CPU.ActiveCfg = Release|Any CPU
		{428A1B4C-30D9-4499-B6B7-5A6A89376D58}.Release|Any CPU.Build.0 = Release|Any CPU
		{51946F6E-8603-4A1A-9F86-036EBD558DFA}.Debug|Any CPU.ActiveCfg = Debug|Any CPU
		{51946F6E-8603-4A1A-9F86-036EBD558DFA}.Debug|Any CPU.Build.0 = Debug|Any CPU
		{51946F6E-8603-4A1A-9F86-036EBD558DFA}.Release|Any CPU.ActiveCfg = Release|Any CPU
		{51946F6E-8603-4A1A-9F86-036EBD558DFA}.Release|Any CPU.Build.0 = Release|Any CPU
		{D71C9CBF-723B-4922-9761-FBD6113ACDA9}.Debug|Any CPU.ActiveCfg = Debug|Any CPU
		{D71C9CBF-723B-4922-9761-FBD6113ACDA9}.Debug|Any CPU.Build.0 = Debug|Any CPU
		{D71C9CBF-723B-4922-9761-FBD6113ACDA9}.Release|Any CPU.ActiveCfg = Release|Any CPU
		{D71C9CBF-723B-4922-9761-FBD6113ACDA9}.Release|Any CPU.Build.0 = Release|Any CPU
	EndGlobalSection
	GlobalSection(SolutionProperties) = preSolution
		HideSolutionNode = FALSE
	EndGlobalSection
	GlobalSection(NestedProjects) = preSolution
		{F2D4BC9F-315F-4201-8C14-E6FF717725D7} = {A04F8D97-21AA-4D2A-8F22-F7C6AC9E9450}
		{A04F8D97-21AA-4D2A-8F22-F7C6AC9E9450} = {8E4A8E1B-44FC-4A35-91B9-CF4C6B0C87E4}
		{6D8C0BA6-26E8-4241-8FCC-420A526CEAC1} = {8E4A8E1B-44FC-4A35-91B9-CF4C6B0C87E4}
		{56A8917E-7BAA-4BA6-942B-B491BAE20C73} = {6D8C0BA6-26E8-4241-8FCC-420A526CEAC1}
		{117E33DF-038C-43D7-9295-73C077BA5E7E} = {8E4A8E1B-44FC-4A35-91B9-CF4C6B0C87E4}
		{428A1B4C-30D9-4499-B6B7-5A6A89376D58} = {117E33DF-038C-43D7-9295-73C077BA5E7E}
		{51946F6E-8603-4A1A-9F86-036EBD558DFA} = {117E33DF-038C-43D7-9295-73C077BA5E7E}
		{022025AC-7047-435B-845E-E6B84CB556BD} = {8E4A8E1B-44FC-4A35-91B9-CF4C6B0C87E4}
		{D71C9CBF-723B-4922-9761-FBD6113ACDA9} = {022025AC-7047-435B-845E-E6B84CB556BD}
	EndGlobalSection
	GlobalSection(ExtensibilityGlobals) = postSolution
		SolutionGuid = {8D372881-2451-4007-A3C9-A40B093A764E}
	EndGlobalSection
EndGlobal
